
Microsoft Visual Studio Solution File, Format Version 12.00
# Visual Studio Version 17
VisualStudioVersion = 17.10.35027.167
MinimumVisualStudioVersion = 10.0.40219.1
Project("{FAE04EC0-301F-11D3-BF4B-00C04F79EFBC}") = "TallerCsharp", "TallerCsharp.csproj", "{6861255D-D50C-4832-86D2-63853BD78FAF}"
EndProject
Global
	GlobalSection(SolutionConfigurationPlatforms) = preSolution
		Debug|Any CPU = Debug|Any CPU
		Release|Any CPU = Release|Any CPU
	EndGlobalSection
	GlobalSection(ProjectConfigurationPlatforms) = postSolution
		{6861255D-D50C-4832-86D2-63853BD78FAF}.Debug|Any CPU.ActiveCfg = Debug|Any CPU
		{6861255D-D50C-4832-86D2-63853BD78FAF}.Debug|Any CPU.Build.0 = Debug|Any CPU
		{6861255D-D50C-4832-86D2-63853BD78FAF}.Release|Any CPU.ActiveCfg = Release|Any CPU
		{6861255D-D50C-4832-86D2-63853BD78FAF}.Release|Any CPU.Build.0 = Release|Any CPU
	EndGlobalSection
	GlobalSection(SolutionProperties) = preSolution
		HideSolutionNode = FALSE
	EndGlobalSection
	GlobalSection(ExtensibilityGlobals) = postSolution
		SolutionGuid = {5299AA7C-C74E-4A52-B7C8-B590F42EAB97}
	EndGlobalSection
EndGlobal
